<?xml version="1.0" encoding="utf-8"?>
<Project ToolsVersion="4.0" xmlns="http://schemas.microsoft.com/developer/msbuild/2003">
  <ItemGroup>
    <Filter Include="Include">
      <UniqueIdentifier>{93995380-89BD-4b04-88EB-625FBE52EBFB}</UniqueIdentifier>
      <Extensions>h;hh;hpp;hxx;h++;hm;inl;inc;ipp;xsd</Extensions>
    </Filter>
    <Filter Include="Source">
      <UniqueIdentifier>{4FC737F1-C7A5-4376-A066-2A32D752A2FF}</UniqueIdentifier>
      <Extensions>cpp;c;cc;cxx;c++;cppm;ixx;def;odl;idl;hpj;bat;asm;asmx</Extensions>
    </Filter>
    <Filter Include="Include\Math">
      <UniqueIdentifier>{269e9f6f-728d-4a97-b0bc-1362bb3c9393}</UniqueIdentifier>
    </Filter>
    <Filter Include="Include\Window">
      <UniqueIdentifier>{b58ef35d-8c60-4600-9c9c-c5819eca3dc3}</UniqueIdentifier>
    </Filter>
    <Filter Include="Include\Utils">
      <UniqueIdentifier>{45f52474-fd03-419c-b897-5ad521e7779e}</UniqueIdentifier>
    </Filter>
    <Filter Include="Source\Math">
      <UniqueIdentifier>{ca700654-c00a-4ba2-a8e6-23d5fbc2418d}</UniqueIdentifier>
    </Filter>
    <Filter Include="Source\Render">
      <UniqueIdentifier>{dd34ee2b-6a89-432e-95fc-d20631f5e642}</UniqueIdentifier>
    </Filter>
    <Filter Include="Source\Window">
      <UniqueIdentifier>{1b625845-0f5e-4bd6-95fe-36bab31b09f2}</UniqueIdentifier>
    </Filter>
    <Filter Include="Source\Utils">
      <UniqueIdentifier>{dd320dde-b0d5-4a75-a393-245f8325d878}</UniqueIdentifier>
    </Filter>
    <Filter Include="Include\Render">
      <UniqueIdentifier>{04d3fc8d-4e25-4526-b6bb-128a69dd4a60}</UniqueIdentifier>
    </Filter>
    <Filter Include="Source\Graphics">
      <UniqueIdentifier>{c1270baa-a026-4ec5-80b6-bb1bab5a0ed9}</UniqueIdentifier>
    </Filter>
    <Filter Include="Include\Graphics">
      <UniqueIdentifier>{818c0adc-3efe-470b-8eac-8062dba15a18}</UniqueIdentifier>
    </Filter>
  </ItemGroup>
  <ItemGroup>
    <ClCompile Include="EngineSource\source\Math\vec.cpp">
      <Filter>Source\Math</Filter>
    </ClCompile>
    <ClCompile Include="EngineSource\source\Window\Windows.cpp">
      <Filter>Source\Window</Filter>
    </ClCompile>
    <ClCompile Include="EngineSource\source\Render\Camera.cpp">
      <Filter>Source\Render</Filter>
    </ClCompile>
    <ClCompile Include="EngineSource\source\Math\quaternion.cpp">
      <Filter>Source\Math</Filter>
    </ClCompile>
    <ClCompile Include="EngineSource\source\Math\matrix.cpp">
      <Filter>Source\Math</Filter>
    </ClCompile>
    <ClCompile Include="EngineSource\source\Utils\IRayDraggable.cpp">
      <Filter>Source\Utils</Filter>
    </ClCompile>
    <ClCompile Include="EngineSource\source\Graphics\Engine.cpp">
      <Filter>Source\Graphics</Filter>
    </ClCompile>
    <ClCompile Include="EngineSource\source\Graphics\D3D.cpp">
      <Filter>Source\Graphics</Filter>
    </ClCompile>
    <ClCompile Include="EngineSource\source\Utils\TrianlgeOctree.cpp">
      <Filter>Source\Utils</Filter>
    </ClCompile>
    <ClCompile Include="EngineSource\source\Graphics\MeshSystem.cpp">
      <Filter>Source\Graphics</Filter>
    </ClCompile>
    <ClCompile Include="EngineSource\source\Graphics\Model.cpp">
      <Filter>Source\Graphics</Filter>
    </ClCompile>
    <ClCompile Include="EngineSource\source\Graphics\Renderer.cpp">
      <Filter>Source\Graphics</Filter>
    </ClCompile>
    <ClCompile Include="EngineSource\source\Graphics\ShaderManager.cpp">
      <Filter>Source\Graphics</Filter>
    </ClCompile>
  </ItemGroup>
  <ItemGroup>
    <ClInclude Include="EngineSource\include\Math\math.h">
      <Filter>Include\Math</Filter>
    </ClInclude>
    <ClInclude Include="EngineSource\include\Math\vec.h">
      <Filter>Include\Math</Filter>
    </ClInclude>
    <ClInclude Include="EngineSource\include\Window\Window.h">
      <Filter>Include\Window</Filter>
    </ClInclude>
    <ClInclude Include="EngineSource\include\Utils\Timer.h">
      <Filter>Include\Utils</Filter>
    </ClInclude>
    <ClInclude Include="EngineSource\include\Math\hitable.h">
      <Filter>Include\Math</Filter>
    </ClInclude>
    <ClInclude Include="EngineSource\include\Render\Camera.h">
      <Filter>Include\Render</Filter>
    </ClInclude>
    <ClInclude Include="EngineSource\include\Math\matrix.h">
      <Filter>Include\Math</Filter>
    </ClInclude>
    <ClInclude Include="EngineSource\include\Math\quaternion.h">
      <Filter>Include\Math</Filter>
    </ClInclude>
    <ClInclude Include="EngineSource\include\Math\triangle.h">
      <Filter>Include\Math</Filter>
    </ClInclude>
    <ClInclude Include="EngineSource\include\Utils\IRayDraggable.h">
      <Filter>Include\Utils</Filter>
    </ClInclude>
    <ClInclude Include="EngineSource\include\Graphics\D3D.h">
      <Filter>Include\Graphics</Filter>
    </ClInclude>
    <ClInclude Include="EngineSource\include\Graphics\Engine.h">
      <Filter>Include\Graphics</Filter>
    </ClInclude>
    <ClInclude Include="EngineSource\include\Graphics\ShaderManager.h">
      <Filter>Include\Graphics</Filter>
    </ClInclude>
    <ClInclude Include="EngineSource\include\Math\Box.hpp">
      <Filter>Include\Math</Filter>
    </ClInclude>
    <ClInclude Include="EngineSource\include\Utils\TriangleOctree.hpp">
      <Filter>Include\Utils</Filter>
    </ClInclude>
    <ClInclude Include="EngineSource\include\Graphics\Buffers.h">
      <Filter>Include\Graphics</Filter>
    </ClInclude>
    <ClInclude Include="EngineSource\include\Graphics\Mesh.h">
      <Filter>Include\Graphics</Filter>
    </ClInclude>
    <ClInclude Include="EngineSource\include\Graphics\MeshSystem.h">
      <Filter>Include\Graphics</Filter>
    </ClInclude>
    <ClInclude Include="EngineSource\include\Graphics\Model.h">
      <Filter>Include\Graphics</Filter>
    </ClInclude>
    <ClInclude Include="EngineSource\include\Graphics\Renderer.h">
      <Filter>Include\Graphics</Filter>
    </ClInclude>
    <ClInclude Include="EngineSource\include\Utils\EnumDefinitions.h">
      <Filter>Include</Filter>
    </ClInclude>
  </ItemGroup>
</Project>