<?xml version="1.0" encoding="utf-8"?>
<Project ToolsVersion="4.0" xmlns="http://schemas.microsoft.com/developer/msbuild/2003">
  <ItemGroup>
    <Filter Include="Application">
      <UniqueIdentifier>{c04e4156-57fb-498d-9774-6d6493f222b8}</UniqueIdentifier>
    </Filter>
    <Filter Include="Application\App">
      <UniqueIdentifier>{272a0d8d-761e-4c27-a28a-fb77023cc581}</UniqueIdentifier>
    </Filter>
    <Filter Include="Application\Input">
      <UniqueIdentifier>{2687b57c-8216-444a-af94-15bb879b8905}</UniqueIdentifier>
    </Filter>
    <Filter Include="Application\D3DApp">
      <UniqueIdentifier>{2e56ade9-a346-4b11-8356-3bcb804966ff}</UniqueIdentifier>
    </Filter>
    <Filter Include="Shaders">
      <UniqueIdentifier>{17d2168b-3c71-49f7-a281-6e0d7b019bf4}</UniqueIdentifier>
    </Filter>
    <Filter Include="Shaders\Hologram">
      <UniqueIdentifier>{e55f58b9-85a4-41b1-9ab3-739ef8e05476}</UniqueIdentifier>
    </Filter>
    <Filter Include="Shaders\NormalVis">
      <UniqueIdentifier>{de5372de-6977-4f41-92ab-96fde615f5f6}</UniqueIdentifier>
    </Filter>
    <Filter Include="Shaders\NomalColor">
      <UniqueIdentifier>{3979acc7-26f5-4cb7-828e-897ef60d9e55}</UniqueIdentifier>
    </Filter>
    <Filter Include="Shaders\CrateTextureMap">
      <UniqueIdentifier>{ee0164f2-c359-4d97-b27a-41e478786a0e}</UniqueIdentifier>
    </Filter>
    <Filter Include="Shaders\SkyBox">
      <UniqueIdentifier>{32051f6c-69de-44e5-a2b9-bf1e884ec58f}</UniqueIdentifier>
    </Filter>
  </ItemGroup>
  <ItemGroup>
    <ClCompile Include="Application\Input\Input.cpp">
      <Filter>Application\Input</Filter>
    </ClCompile>
    <ClCompile Include="main.cpp" />
    <ClCompile Include="Application\D3DApp\D3DApplication.cpp">
      <Filter>Application\D3DApp</Filter>
    </ClCompile>
  </ItemGroup>
  <ItemGroup>
    <ClInclude Include="Application\Input\Input.h">
      <Filter>Application\Input</Filter>
    </ClInclude>
    <ClInclude Include="Application\D3DApp\D3DApplication.h">
      <Filter>Application\D3DApp</Filter>
    </ClInclude>
  </ItemGroup>
  <ItemGroup>
    <None Include="Shaders\normalLines\HullShader.hlsl">
      <Filter>Shaders\Hologram</Filter>
    </None>
    <None Include="Shaders\Hologram\Hologram.shader">
      <Filter>Shaders\Hologram</Filter>
    </None>
    <None Include="Shaders\normalLines\DomainShader.hlsl">
      <Filter>Shaders\Hologram</Filter>
    </None>
    <None Include="Shaders\Hologram\HullShader.hlsl">
      <Filter>Shaders\NormalVis</Filter>
    </None>
    <None Include="Shaders\Hologram\DomainShader.hlsl">
      <Filter>Shaders\NormalVis</Filter>
    </None>
    <None Include="Shaders\normalColor\PixelShader.hlsl">
      <Filter>Shaders\NormalVis</Filter>
    </None>
    <None Include="Shaders\normalColor\VertexShader.hlsl">
      <Filter>Shaders\NormalVis</Filter>
    </None>
    <None Include="Shaders\normalLines\VertexShader.hlsl">
      <Filter>Shaders\NomalColor</Filter>
    </None>
    <None Include="Shaders\normalLines\PixelShader.hlsl">
      <Filter>Shaders\NomalColor</Filter>
    </None>
    <None Include="Shaders\crateTextMap\CrateVS.hlsl">
      <Filter>Shaders\CrateTextureMap</Filter>
    </None>
    <None Include="Shaders\crateTextMap\CratePS.hlsl">
      <Filter>Shaders\CrateTextureMap</Filter>
    </None>
    <None Include="Shaders\skyboxShader\skyboxPS.hlsl">
      <Filter>Shaders\SkyBox</Filter>
    </None>
    <None Include="Shaders\skyboxShader\skyboxVS.hlsl">
      <Filter>Shaders\SkyBox</Filter>
    </None>
    <None Include="Shaders\Hologram\GSHologram.hlsl">
      <Filter>Shaders\Hologram</Filter>
    </None>
    <None Include="Shaders\normalLines\GSnormal.hlsl">
      <Filter>Shaders\NormalVis</Filter>
    </None>
    <None Include="Shaders\opaqueShader\opaqueVS.hlsl" />
    <None Include="Shaders\emissive\emissivePS.hlsl" />
    <None Include="Shaders\emissive\emissiveVS.hlsl" />
    <None Include="Shaders\ReflectionCapture\CubeMapVS.hlsl" />
    <None Include="Shaders\ReflectionCapture\IBLdiffusePS.hlsl" />
    <None Include="Shaders\ReflectionCapture\IBL.hlsli" />
    <None Include="Shaders\ReflectionCapture\IBLspecularIrradiancePS.hlsl" />
    <None Include="Shaders\ReflectionCapture\IBLReflectancePS.hlsl" />
    <None Include="Shaders\ReflectionCapture\IBLReflectanceVS.hlsl" />
    <None Include="Shaders\ReflectionCapture\CubeMapGS.hlsl" />
    <None Include="Shaders\Lights.hlsli" />
  </ItemGroup>
  <ItemGroup>
    <None Include="Shaders\declarations.hlsli">
      <Filter>Shaders</Filter>
    </None>
  </ItemGroup>
  <ItemGroup>
    <FxCompile Include="Shaders\PostProcess\PostProcessVS.hlsl" />
    <FxCompile Include="Shaders\PostProcess\PostProcessPS.hlsl" />
    <FxCompile Include="Shaders\opaqueShader\opaquePS.hlsl" />
  </ItemGroup>
</Project>