<?xml version="1.0" encoding="utf-8"?>
<Project ToolsVersion="4.0" xmlns="http://schemas.microsoft.com/developer/msbuild/2003">
  <ItemGroup>
    <Filter Include="Application">
      <UniqueIdentifier>{c04e4156-57fb-498d-9774-6d6493f222b8}</UniqueIdentifier>
    </Filter>
    <Filter Include="Application\App">
      <UniqueIdentifier>{272a0d8d-761e-4c27-a28a-fb77023cc581}</UniqueIdentifier>
    </Filter>
    <Filter Include="Application\Input">
      <UniqueIdentifier>{2687b57c-8216-444a-af94-15bb879b8905}</UniqueIdentifier>
    </Filter>
    <Filter Include="Application\D3DApp">
      <UniqueIdentifier>{2e56ade9-a346-4b11-8356-3bcb804966ff}</UniqueIdentifier>
    </Filter>
    <Filter Include="Shaders">
      <UniqueIdentifier>{17d2168b-3c71-49f7-a281-6e0d7b019bf4}</UniqueIdentifier>
    </Filter>
    <Filter Include="Shaders\Hologram">
      <UniqueIdentifier>{e55f58b9-85a4-41b1-9ab3-739ef8e05476}</UniqueIdentifier>
    </Filter>
    <Filter Include="Shaders\NormalVis">
      <UniqueIdentifier>{de5372de-6977-4f41-92ab-96fde615f5f6}</UniqueIdentifier>
    </Filter>
    <Filter Include="Shaders\NomalColor">
      <UniqueIdentifier>{3979acc7-26f5-4cb7-828e-897ef60d9e55}</UniqueIdentifier>
    </Filter>
    <Filter Include="Shaders\CrateTextureMap">
      <UniqueIdentifier>{ee0164f2-c359-4d97-b27a-41e478786a0e}</UniqueIdentifier>
    </Filter>
    <Filter Include="Shaders\SkyBox">
      <UniqueIdentifier>{32051f6c-69de-44e5-a2b9-bf1e884ec58f}</UniqueIdentifier>
    </Filter>
    <Filter Include="Shaders\IBL">
      <UniqueIdentifier>{b305cecd-c60f-4d9e-beb1-ad048f73e973}</UniqueIdentifier>
    </Filter>
    <Filter Include="Shaders\emmisive">
      <UniqueIdentifier>{ab5ace6c-1ce6-4b61-9a62-3e400c3bcb66}</UniqueIdentifier>
    </Filter>
    <Filter Include="Shaders\opaque">
      <UniqueIdentifier>{f602be38-69cf-4054-9cb1-6da5e3f32b10}</UniqueIdentifier>
    </Filter>
    <Filter Include="Shaders\PostProcess">
      <UniqueIdentifier>{d8d8d29b-51dd-4dad-8355-18ce8d06f2fb}</UniqueIdentifier>
    </Filter>
    <Filter Include="Shaders\Shadow">
      <UniqueIdentifier>{fb91d4ff-eba0-4478-bbb1-dceaa45a9989}</UniqueIdentifier>
    </Filter>
  </ItemGroup>
  <ItemGroup>
    <ClCompile Include="Application\Input\Input.cpp">
      <Filter>Application\Input</Filter>
    </ClCompile>
    <ClCompile Include="main.cpp" />
    <ClCompile Include="Application\D3DApp\D3DApplication.cpp">
      <Filter>Application\D3DApp</Filter>
    </ClCompile>
  </ItemGroup>
  <ItemGroup>
    <ClInclude Include="Application\Input\Input.h">
      <Filter>Application\Input</Filter>
    </ClInclude>
    <ClInclude Include="Application\D3DApp\D3DApplication.h">
      <Filter>Application\D3DApp</Filter>
    </ClInclude>
  </ItemGroup>
  <ItemGroup>
    <None Include="Shaders\normalLines\HullShader.hlsl">
      <Filter>Shaders\Hologram</Filter>
    </None>
    <None Include="Shaders\Hologram\Hologram.shader">
      <Filter>Shaders\Hologram</Filter>
    </None>
    <None Include="Shaders\normalLines\DomainShader.hlsl">
      <Filter>Shaders\Hologram</Filter>
    </None>
    <None Include="Shaders\Hologram\HullShader.hlsl">
      <Filter>Shaders\NormalVis</Filter>
    </None>
    <None Include="Shaders\Hologram\DomainShader.hlsl">
      <Filter>Shaders\NormalVis</Filter>
    </None>
    <None Include="Shaders\normalColor\PixelShader.hlsl">
      <Filter>Shaders\NormalVis</Filter>
    </None>
    <None Include="Shaders\normalColor\VertexShader.hlsl">
      <Filter>Shaders\NormalVis</Filter>
    </None>
    <None Include="Shaders\normalLines\VertexShader.hlsl">
      <Filter>Shaders\NomalColor</Filter>
    </None>
    <None Include="Shaders\normalLines\PixelShader.hlsl">
      <Filter>Shaders\NomalColor</Filter>
    </None>
    <None Include="Shaders\crateTextMap\CrateVS.hlsl">
      <Filter>Shaders\CrateTextureMap</Filter>
    </None>
    <None Include="Shaders\crateTextMap\CratePS.hlsl">
      <Filter>Shaders\CrateTextureMap</Filter>
    </None>
    <None Include="Shaders\skyboxShader\skyboxPS.hlsl">
      <Filter>Shaders\SkyBox</Filter>
    </None>
    <None Include="Shaders\skyboxShader\skyboxVS.hlsl">
      <Filter>Shaders\SkyBox</Filter>
    </None>
    <None Include="Shaders\Hologram\GSHologram.hlsl">
      <Filter>Shaders\Hologram</Filter>
    </None>
    <None Include="Shaders\normalLines\GSnormal.hlsl">
      <Filter>Shaders\NormalVis</Filter>
    </None>
    <None Include="Shaders\ReflectionCapture\CubeMapVS.hlsl">
      <Filter>Shaders\IBL</Filter>
    </None>
    <None Include="Shaders\ReflectionCapture\CubeMapGS.hlsl">
      <Filter>Shaders\IBL</Filter>
    </None>
    <None Include="Shaders\ReflectionCapture\IBL.hlsli">
      <Filter>Shaders\IBL</Filter>
    </None>
    <None Include="Shaders\ReflectionCapture\IBLdiffusePS.hlsl">
      <Filter>Shaders\IBL</Filter>
    </None>
    <None Include="Shaders\ReflectionCapture\IBLReflectancePS.hlsl">
      <Filter>Shaders\IBL</Filter>
    </None>
    <None Include="Shaders\ReflectionCapture\IBLReflectanceVS.hlsl">
      <Filter>Shaders\IBL</Filter>
    </None>
    <None Include="Shaders\ReflectionCapture\IBLspecularIrradiancePS.hlsl">
      <Filter>Shaders\IBL</Filter>
    </None>
    <None Include="Shaders\emissive\emissivePS.hlsl">
      <Filter>Shaders\emmisive</Filter>
    </None>
    <None Include="Shaders\emissive\emissiveVS.hlsl">
      <Filter>Shaders\emmisive</Filter>
    </None>
    <None Include="Shaders\opaqueShader\Lights.hlsli">
      <Filter>Shaders</Filter>
    </None>
    <None Include="Shaders\Shadow\PointLightShadowGS.hlsl">
      <Filter>Shaders\Shadow</Filter>
    </None>
    <None Include="Shaders\Shadow\PointLightShadowPS.hlsl">
      <Filter>Shaders\Shadow</Filter>
    </None>
    <None Include="Shaders\opaqueShader\opaqueVS.hlsl">
      <Filter>Shaders\opaque</Filter>
    </None>
    <None Include="Shaders\Shadow\ShadowPS.hlsl" />
    <None Include="Shaders\Shadow\ShadowVS.hlsl" />
    <None Include="Shaders\opaqueShader\opaque.hlsli" />
    <None Include="Shaders\opaqueShader\dissolutionVS.hlsl" />
    <None Include="Shaders\opaqueShader\dissolutionPS.hlsl" />
    <None Include="Shaders\Shadow\PointLightShadowVS.hlsl">
      <Filter>Shaders\Shadow</Filter>
    </None>
    <None Include="Shaders\Shadow\Dissolution\PointLightShadowGS.hlsl" />
    <None Include="Shaders\Shadow\Dissolution\PointLightShadowPS.hlsl" />
    <None Include="Shaders\Shadow\Dissolution\PointLightShadowVS.hlsl" />
    <None Include="Shaders\Shadow\Dissolution\ShadowPS.hlsl" />
    <None Include="Shaders\Shadow\Dissolution\ShadowVS.hlsl" />
  </ItemGroup>
  <ItemGroup>
    <None Include="Shaders\declarations.hlsli">
      <Filter>Shaders</Filter>
    </None>
  </ItemGroup>
  <ItemGroup>
    <FxCompile Include="Shaders\PostProcess\PostProcessPS.hlsl">
      <Filter>Shaders\PostProcess</Filter>
    </FxCompile>
    <FxCompile Include="Shaders\PostProcess\PostProcessVS.hlsl">
      <Filter>Shaders\PostProcess</Filter>
    </FxCompile>
    <FxCompile Include="Shaders\opaqueShader\opaquePS.hlsl">
      <Filter>Shaders\opaque</Filter>
    </FxCompile>
    <FxCompile Include="Shaders\Particles\PixelShader.hlsl" />
    <FxCompile Include="Shaders\Particles\VertexShader.hlsl" />
  </ItemGroup>
</Project>